
Microsoft Visual Studio Solution File, Format Version 12.00
# Visual Studio Version 17
VisualStudioVersion = 17.12.35707.178
MinimumVisualStudioVersion = 10.0.40219.1
Project("{FAE04EC0-301F-11D3-BF4B-00C04F79EFBC}") = "EasyTravel.Solution.Webapi", "TravelEasy.Solution.Webapi\EasyTravel.Solution.Webapi.csproj", "{C1FC2072-590E-4AC3-A436-01E66E8442A9}"
EndProject
Project("{2150E333-8FDC-42A3-9474-1A3956D46DE8}") = "01 Aps", "01 Aps", "{B6C5CA6B-AD18-43D0-9B56-1B70829AD643}"
EndProject
Project("{2150E333-8FDC-42A3-9474-1A3956D46DE8}") = "02 Services", "02 Services", "{22354DD8-784F-4F39-BC0E-742BDDAF4A24}"
EndProject
Project("{2150E333-8FDC-42A3-9474-1A3956D46DE8}") = "03 Contracts", "03 Contracts", "{6C8944D0-F21D-4C8F-93E2-AB8FFD54208F}"
EndProject
Project("{FAE04EC0-301F-11D3-BF4B-00C04F79EFBC}") = "EasyTravel.Solution.Services", "EasyTravel.Solution.Services.Flights\EasyTravel.Solution.Services.csproj", "{E3B367E0-DFD4-45E1-86EE-9F5714F7B361}"
EndProject
Project("{FAE04EC0-301F-11D3-BF4B-00C04F79EFBC}") = "EasyTravel.Solution.Contracts", "EasyTravel.Solution.Contracts\EasyTravel.Solution.Contracts.csproj", "{D0E826AE-19AF-4252-999E-77A7E2E57BE4}"
EndProject
Project("{2150E333-8FDC-42A3-9474-1A3956D46DE8}") = "05 Database", "05 Database", "{0E9FB8A1-5064-426B-8F33-C82E9A7CC6BA}"
EndProject
Project("{2150E333-8FDC-42A3-9474-1A3956D46DE8}") = "06 Cross", "06 Cross", "{30A6111F-FD52-489E-81C9-E8877DD300E5}"
EndProject
Project("{FAE04EC0-301F-11D3-BF4B-00C04F79EFBC}") = "EasyTravel.Solution.ThirdPartyConnections", "EasyTravel.Solution.ThirdPartyConnections\EasyTravel.Solution.ThirdPartyConnections.csproj", "{B8FDFCFE-B0D9-4B5F-80D6-D67EECB94829}"
EndProject
Global
	GlobalSection(SolutionConfigurationPlatforms) = preSolution
		Debug|Any CPU = Debug|Any CPU
		Release|Any CPU = Release|Any CPU
	EndGlobalSection
	GlobalSection(ProjectConfigurationPlatforms) = postSolution
		{C1FC2072-590E-4AC3-A436-01E66E8442A9}.Debug|Any CPU.ActiveCfg = Debug|Any CPU
		{C1FC2072-590E-4AC3-A436-01E66E8442A9}.Debug|Any CPU.Build.0 = Debug|Any CPU
		{C1FC2072-590E-4AC3-A436-01E66E8442A9}.Release|Any CPU.ActiveCfg = Release|Any CPU
		{C1FC2072-590E-4AC3-A436-01E66E8442A9}.Release|Any CPU.Build.0 = Release|Any CPU
		{E3B367E0-DFD4-45E1-86EE-9F5714F7B361}.Debug|Any CPU.ActiveCfg = Debug|Any CPU
		{E3B367E0-DFD4-45E1-86EE-9F5714F7B361}.Debug|Any CPU.Build.0 = Debug|Any CPU
		{E3B367E0-DFD4-45E1-86EE-9F5714F7B361}.Release|Any CPU.ActiveCfg = Release|Any CPU
		{E3B367E0-DFD4-45E1-86EE-9F5714F7B361}.Release|Any CPU.Build.0 = Release|Any CPU
		{D0E826AE-19AF-4252-999E-77A7E2E57BE4}.Debug|Any CPU.ActiveCfg = Debug|Any CPU
		{D0E826AE-19AF-4252-999E-77A7E2E57BE4}.Debug|Any CPU.Build.0 = Debug|Any CPU
		{D0E826AE-19AF-4252-999E-77A7E2E57BE4}.Release|Any CPU.ActiveCfg = Release|Any CPU
		{D0E826AE-19AF-4252-999E-77A7E2E57BE4}.Release|Any CPU.Build.0 = Release|Any CPU
		{B8FDFCFE-B0D9-4B5F-80D6-D67EECB94829}.Debug|Any CPU.ActiveCfg = Debug|Any CPU
		{B8FDFCFE-B0D9-4B5F-80D6-D67EECB94829}.Debug|Any CPU.Build.0 = Debug|Any CPU
		{B8FDFCFE-B0D9-4B5F-80D6-D67EECB94829}.Release|Any CPU.ActiveCfg = Release|Any CPU
		{B8FDFCFE-B0D9-4B5F-80D6-D67EECB94829}.Release|Any CPU.Build.0 = Release|Any CPU
	EndGlobalSection
	GlobalSection(SolutionProperties) = preSolution
		HideSolutionNode = FALSE
	EndGlobalSection
	GlobalSection(NestedProjects) = preSolution
		{C1FC2072-590E-4AC3-A436-01E66E8442A9} = {B6C5CA6B-AD18-43D0-9B56-1B70829AD643}
		{E3B367E0-DFD4-45E1-86EE-9F5714F7B361} = {22354DD8-784F-4F39-BC0E-742BDDAF4A24}
		{D0E826AE-19AF-4252-999E-77A7E2E57BE4} = {6C8944D0-F21D-4C8F-93E2-AB8FFD54208F}
		{B8FDFCFE-B0D9-4B5F-80D6-D67EECB94829} = {30A6111F-FD52-489E-81C9-E8877DD300E5}
	EndGlobalSection
EndGlobal
